
Microsoft Visual Studio Solution File, Format Version 12.00
# Visual Studio Version 17
VisualStudioVersion = 17.1.31911.260
MinimumVisualStudioVersion = 10.0.40219.1
Project("{FAE04EC0-301F-11D3-BF4B-00C04F79EFBC}") = "Wifi.PlaylistEditor.UI", "Wifi.PlaylistEditor.UI\Wifi.PlaylistEditor.UI.csproj", "{87CEB317-DEA4-4FDE-B97C-12C554FB5508}"
EndProject
Project("{FAE04EC0-301F-11D3-BF4B-00C04F79EFBC}") = "Wifi.PlaylistEditor.Types", "Wifi.PlaylistEditor.Types\Wifi.PlaylistEditor.Types.csproj", "{F7F66829-C482-46B4-9581-3DB7BB7C4991}"
EndProject
Project("{FAE04EC0-301F-11D3-BF4B-00C04F79EFBC}") = "Wifi.PlaylistEditor.Types.Test", "Wifi.PlaylistEditor.Types.Test\Wifi.PlaylistEditor.Types.Test.csproj", "{4F66BC1B-0F0F-4E89-AC14-BC980E7ABDF8}"
EndProject
Project("{FAE04EC0-301F-11D3-BF4B-00C04F79EFBC}") = "Wifi.PlaylistEditor.Repositories", "Wifi.PlaylistEditor.Repositories\Wifi.PlaylistEditor.Repositories.csproj", "{F3591D57-B269-4209-B69B-80F64B8C59A1}"
EndProject
Project("{FAE04EC0-301F-11D3-BF4B-00C04F79EFBC}") = "Wifi.PlaylistEditor.Repositories.Test", "Wifi.PlaylistEditor.Repositories.Test\Wifi.PlaylistEditor.Repositories.Test.csproj", "{94C78600-E54D-410A-9674-487D2BCD1FCE}"
EndProject
Project("{FAE04EC0-301F-11D3-BF4B-00C04F79EFBC}") = "Wifi.PlaylistEditor.Factories", "Wifi.PlaylistEditor.Factories\Wifi.PlaylistEditor.Factories.csproj", "{21AEBA1E-6D27-4617-BAEC-A345D6E5FC7A}"
EndProject
Global
	GlobalSection(SolutionConfigurationPlatforms) = preSolution
		Debug|Any CPU = Debug|Any CPU
		Release|Any CPU = Release|Any CPU
	EndGlobalSection
	GlobalSection(ProjectConfigurationPlatforms) = postSolution
		{87CEB317-DEA4-4FDE-B97C-12C554FB5508}.Debug|Any CPU.ActiveCfg = Debug|Any CPU
		{87CEB317-DEA4-4FDE-B97C-12C554FB5508}.Debug|Any CPU.Build.0 = Debug|Any CPU
		{87CEB317-DEA4-4FDE-B97C-12C554FB5508}.Release|Any CPU.ActiveCfg = Release|Any CPU
		{87CEB317-DEA4-4FDE-B97C-12C554FB5508}.Release|Any CPU.Build.0 = Release|Any CPU
		{F7F66829-C482-46B4-9581-3DB7BB7C4991}.Debug|Any CPU.ActiveCfg = Debug|Any CPU
		{F7F66829-C482-46B4-9581-3DB7BB7C4991}.Debug|Any CPU.Build.0 = Debug|Any CPU
		{F7F66829-C482-46B4-9581-3DB7BB7C4991}.Release|Any CPU.ActiveCfg = Release|Any CPU
		{F7F66829-C482-46B4-9581-3DB7BB7C4991}.Release|Any CPU.Build.0 = Release|Any CPU
		{4F66BC1B-0F0F-4E89-AC14-BC980E7ABDF8}.Debug|Any CPU.ActiveCfg = Debug|Any CPU
		{4F66BC1B-0F0F-4E89-AC14-BC980E7ABDF8}.Debug|Any CPU.Build.0 = Debug|Any CPU
		{4F66BC1B-0F0F-4E89-AC14-BC980E7ABDF8}.Release|Any CPU.ActiveCfg = Release|Any CPU
		{4F66BC1B-0F0F-4E89-AC14-BC980E7ABDF8}.Release|Any CPU.Build.0 = Release|Any CPU
		{F3591D57-B269-4209-B69B-80F64B8C59A1}.Debug|Any CPU.ActiveCfg = Debug|Any CPU
		{F3591D57-B269-4209-B69B-80F64B8C59A1}.Debug|Any CPU.Build.0 = Debug|Any CPU
		{F3591D57-B269-4209-B69B-80F64B8C59A1}.Release|Any CPU.ActiveCfg = Release|Any CPU
		{F3591D57-B269-4209-B69B-80F64B8C59A1}.Release|Any CPU.Build.0 = Release|Any CPU
		{94C78600-E54D-410A-9674-487D2BCD1FCE}.Debug|Any CPU.ActiveCfg = Debug|Any CPU
		{94C78600-E54D-410A-9674-487D2BCD1FCE}.Debug|Any CPU.Build.0 = Debug|Any CPU
		{94C78600-E54D-410A-9674-487D2BCD1FCE}.Release|Any CPU.ActiveCfg = Release|Any CPU
		{94C78600-E54D-410A-9674-487D2BCD1FCE}.Release|Any CPU.Build.0 = Release|Any CPU
		{21AEBA1E-6D27-4617-BAEC-A345D6E5FC7A}.Debug|Any CPU.ActiveCfg = Debug|Any CPU
		{21AEBA1E-6D27-4617-BAEC-A345D6E5FC7A}.Debug|Any CPU.Build.0 = Debug|Any CPU
		{21AEBA1E-6D27-4617-BAEC-A345D6E5FC7A}.Release|Any CPU.ActiveCfg = Release|Any CPU
		{21AEBA1E-6D27-4617-BAEC-A345D6E5FC7A}.Release|Any CPU.Build.0 = Release|Any CPU
	EndGlobalSection
	GlobalSection(SolutionProperties) = preSolution
		HideSolutionNode = FALSE
	EndGlobalSection
	GlobalSection(ExtensibilityGlobals) = postSolution
		SolutionGuid = {6291AF09-D054-4E7F-A634-CB700A801184}
	EndGlobalSection
EndGlobal
