
Microsoft Visual Studio Solution File, Format Version 12.00
# Visual Studio Version 17
VisualStudioVersion = 17.0.31717.71
MinimumVisualStudioVersion = 10.0.40219.1
Project("{FAE04EC0-301F-11D3-BF4B-00C04F79EFBC}") = "Operatoren_GL", "Operatoren_GL\Operatoren_GL.csproj", "{3A0F630B-F334-4357-9EEA-F0DDC7779BD2}"
EndProject
Global
	GlobalSection(SolutionConfigurationPlatforms) = preSolution
		Debug|Any CPU = Debug|Any CPU
		Release|Any CPU = Release|Any CPU
	EndGlobalSection
	GlobalSection(ProjectConfigurationPlatforms) = postSolution
		{3A0F630B-F334-4357-9EEA-F0DDC7779BD2}.Debug|Any CPU.ActiveCfg = Debug|Any CPU
		{3A0F630B-F334-4357-9EEA-F0DDC7779BD2}.Debug|Any CPU.Build.0 = Debug|Any CPU
		{3A0F630B-F334-4357-9EEA-F0DDC7779BD2}.Release|Any CPU.ActiveCfg = Release|Any CPU
		{3A0F630B-F334-4357-9EEA-F0DDC7779BD2}.Release|Any CPU.Build.0 = Release|Any CPU
	EndGlobalSection
	GlobalSection(SolutionProperties) = preSolution
		HideSolutionNode = FALSE
	EndGlobalSection
	GlobalSection(ExtensibilityGlobals) = postSolution
		SolutionGuid = {7C6073EC-A5B2-4241-8400-A28CFEC17802}
	EndGlobalSection
EndGlobal
