
Microsoft Visual Studio Solution File, Format Version 12.00
# Visual Studio Version 17
VisualStudioVersion = 17.0.31717.71
MinimumVisualStudioVersion = 10.0.40219.1
Project("{FAE04EC0-301F-11D3-BF4B-00C04F79EFBC}") = "Datatypes_GL", "Datatypes_GL\Datatypes_GL.csproj", "{0A6B8027-0899-432C-99B1-295A25228ACF}"
EndProject
Global
	GlobalSection(SolutionConfigurationPlatforms) = preSolution
		Debug|Any CPU = Debug|Any CPU
		Release|Any CPU = Release|Any CPU
	EndGlobalSection
	GlobalSection(ProjectConfigurationPlatforms) = postSolution
		{0A6B8027-0899-432C-99B1-295A25228ACF}.Debug|Any CPU.ActiveCfg = Debug|Any CPU
		{0A6B8027-0899-432C-99B1-295A25228ACF}.Debug|Any CPU.Build.0 = Debug|Any CPU
		{0A6B8027-0899-432C-99B1-295A25228ACF}.Release|Any CPU.ActiveCfg = Release|Any CPU
		{0A6B8027-0899-432C-99B1-295A25228ACF}.Release|Any CPU.Build.0 = Release|Any CPU
	EndGlobalSection
	GlobalSection(SolutionProperties) = preSolution
		HideSolutionNode = FALSE
	EndGlobalSection
	GlobalSection(ExtensibilityGlobals) = postSolution
		SolutionGuid = {869436D9-ACD8-4F81-B016-1825F72B72A0}
	EndGlobalSection
EndGlobal
