
Microsoft Visual Studio Solution File, Format Version 12.00
# Visual Studio Version 17
VisualStudioVersion = 17.0.31717.71
MinimumVisualStudioVersion = 10.0.40219.1
Project("{FAE04EC0-301F-11D3-BF4B-00C04F79EFBC}") = "GrundlagenWhile", "GrundlagenWhile\GrundlagenWhile.csproj", "{FA2F84B3-39E9-494D-AC58-728149D94D41}"
EndProject
Global
	GlobalSection(SolutionConfigurationPlatforms) = preSolution
		Debug|Any CPU = Debug|Any CPU
		Release|Any CPU = Release|Any CPU
	EndGlobalSection
	GlobalSection(ProjectConfigurationPlatforms) = postSolution
		{FA2F84B3-39E9-494D-AC58-728149D94D41}.Debug|Any CPU.ActiveCfg = Debug|Any CPU
		{FA2F84B3-39E9-494D-AC58-728149D94D41}.Debug|Any CPU.Build.0 = Debug|Any CPU
		{FA2F84B3-39E9-494D-AC58-728149D94D41}.Release|Any CPU.ActiveCfg = Release|Any CPU
		{FA2F84B3-39E9-494D-AC58-728149D94D41}.Release|Any CPU.Build.0 = Release|Any CPU
	EndGlobalSection
	GlobalSection(SolutionProperties) = preSolution
		HideSolutionNode = FALSE
	EndGlobalSection
	GlobalSection(ExtensibilityGlobals) = postSolution
		SolutionGuid = {5986DBE2-D57A-498A-8896-AF218ACA27FD}
	EndGlobalSection
EndGlobal
