
Microsoft Visual Studio Solution File, Format Version 12.00
# Visual Studio Version 17
VisualStudioVersion = 17.0.31717.71
MinimumVisualStudioVersion = 10.0.40219.1
Project("{FAE04EC0-301F-11D3-BF4B-00C04F79EFBC}") = "Exceptions_GL", "Exceptions_GL\Exceptions_GL.csproj", "{ADDB3670-4437-4CD7-80AB-98D06BDFD3A5}"
EndProject
Global
	GlobalSection(SolutionConfigurationPlatforms) = preSolution
		Debug|Any CPU = Debug|Any CPU
		Release|Any CPU = Release|Any CPU
	EndGlobalSection
	GlobalSection(ProjectConfigurationPlatforms) = postSolution
		{ADDB3670-4437-4CD7-80AB-98D06BDFD3A5}.Debug|Any CPU.ActiveCfg = Debug|Any CPU
		{ADDB3670-4437-4CD7-80AB-98D06BDFD3A5}.Debug|Any CPU.Build.0 = Debug|Any CPU
		{ADDB3670-4437-4CD7-80AB-98D06BDFD3A5}.Release|Any CPU.ActiveCfg = Release|Any CPU
		{ADDB3670-4437-4CD7-80AB-98D06BDFD3A5}.Release|Any CPU.Build.0 = Release|Any CPU
	EndGlobalSection
	GlobalSection(SolutionProperties) = preSolution
		HideSolutionNode = FALSE
	EndGlobalSection
	GlobalSection(ExtensibilityGlobals) = postSolution
		SolutionGuid = {BD4A0B1C-D0A6-44B1-BE05-704EB7527186}
	EndGlobalSection
EndGlobal
